// !$*UTF8*$!
{
	archiveVersion = 1;
	classes = {
	};
	objectVersion = 50;
	objects = {

/* Begin PBXBuildFile section */
		690C03322509E5D800306938 /* AppDelegate.swift in Sources */ = {isa = PBXBuildFile; fileRef = 690C03312509E5D800306938 /* AppDelegate.swift */; };
		690C03342509E5D800306938 /* art.scnassets in Resources */ = {isa = PBXBuildFile; fileRef = 690C03332509E5D800306938 /* art.scnassets */; };
		690C03362509E5D800306938 /* GameViewController.swift in Sources */ = {isa = PBXBuildFile; fileRef = 690C03352509E5D800306938 /* GameViewController.swift */; };
		690C03392509E5D800306938 /* Main.storyboard in Resources */ = {isa = PBXBuildFile; fileRef = 690C03372509E5D800306938 /* Main.storyboard */; };
		690C033B2509E5DA00306938 /* Assets.xcassets in Resources */ = {isa = PBXBuildFile; fileRef = 690C033A2509E5DA00306938 /* Assets.xcassets */; };
		690C033E2509E5DA00306938 /* LaunchScreen.storyboard in Resources */ = {isa = PBXBuildFile; fileRef = 690C033C2509E5DA00306938 /* LaunchScreen.storyboard */; };
		69581F35250FC5BC004DC27E /* Screenshot01.png in Resources */ = {isa = PBXBuildFile; fileRef = 69581F34250FC5BC004DC27E /* Screenshot01.png */; };
/* End PBXBuildFile section */

/* Begin PBXFileReference section */
		690C032E2509E5D800306938 /* Model Practice.app */ = {isa = PBXFileReference; explicitFileType = wrapper.application; includeInIndex = 0; path = "Model Practice.app"; sourceTree = BUILT_PRODUCTS_DIR; };
		690C03312509E5D800306938 /* AppDelegate.swift */ = {isa = PBXFileReference; lastKnownFileType = sourcecode.swift; path = AppDelegate.swift; sourceTree = "<group>"; };
		690C03332509E5D800306938 /* art.scnassets */ = {isa = PBXFileReference; lastKnownFileType = wrapper.scnassets; path = art.scnassets; sourceTree = "<group>"; };
		690C03352509E5D800306938 /* GameViewController.swift */ = {isa = PBXFileReference; lastKnownFileType = sourcecode.swift; path = GameViewController.swift; sourceTree = "<group>"; };
		690C03382509E5D800306938 /* Base */ = {isa = PBXFileReference; lastKnownFileType = file.storyboard; name = Base; path = Base.lproj/Main.storyboard; sourceTree = "<group>"; };
		690C033A2509E5DA00306938 /* Assets.xcassets */ = {isa = PBXFileReference; lastKnownFileType = folder.assetcatalog; path = Assets.xcassets; sourceTree = "<group>"; };
		690C033D2509E5DA00306938 /* Base */ = {isa = PBXFileReference; lastKnownFileType = file.storyboard; name = Base; path = Base.lproj/LaunchScreen.storyboard; sourceTree = "<group>"; };
		690C033F2509E5DA00306938 /* Info.plist */ = {isa = PBXFileReference; lastKnownFileType = text.plist.xml; path = Info.plist; sourceTree = "<group>"; };
		69581F34250FC5BC004DC27E /* Screenshot01.png */ = {isa = PBXFileReference; lastKnownFileType = image.png; path = Screenshot01.png; sourceTree = "<group>"; };
/* End PBXFileReference section */

/* Begin PBXFrameworksBuildPhase section */
		690C032B2509E5D800306938 /* Frameworks */ = {
			isa = PBXFrameworksBuildPhase;
			buildActionMask = 2147483647;
			files = (
			);
			runOnlyForDeploymentPostprocessing = 0;
		};
/* End PBXFrameworksBuildPhase section */

/* Begin PBXGroup section */
		690C03252509E5D800306938 = {
			isa = PBXGroup;
			children = (
				690C03302509E5D800306938 /* Model Practice */,
				690C032F2509E5D800306938 /* Products */,
			);
			sourceTree = "<group>";
		};
		690C032F2509E5D800306938 /* Products */ = {
			isa = PBXGroup;
			children = (
				690C032E2509E5D800306938 /* Model Practice.app */,
			);
			name = Products;
			sourceTree = "<group>";
		};
		690C03302509E5D800306938 /* Model Practice */ = {
			isa = PBXGroup;
			children = (
				690C03312509E5D800306938 /* AppDelegate.swift */,
				690C03332509E5D800306938 /* art.scnassets */,
				690C033A2509E5DA00306938 /* Assets.xcassets */,
				690C03352509E5D800306938 /* GameViewController.swift */,
				690C033F2509E5DA00306938 /* Info.plist */,
				690C033C2509E5DA00306938 /* LaunchScreen.storyboard */,
				690C03372509E5D800306938 /* Main.storyboard */,
				69581F36250FC5C0004DC27E /* Screenshots */,
			);
			path = "Model Practice";
			sourceTree = "<group>";
		};
		69581F36250FC5C0004DC27E /* Screenshots */ = {
			isa = PBXGroup;
			children = (
				69581F34250FC5BC004DC27E /* Screenshot01.png */,
			);
			path = Screenshots;
			sourceTree = "<group>";
		};
/* End PBXGroup section */

/* Begin PBXNativeTarget section */
		690C032D2509E5D800306938 /* Model Practice */ = {
			isa = PBXNativeTarget;
			buildConfigurationList = 690C03422509E5DA00306938 /* Build configuration list for PBXNativeTarget "Model Practice" */;
			buildPhases = (
				690C032A2509E5D800306938 /* Sources */,
				690C032B2509E5D800306938 /* Frameworks */,
				690C032C2509E5D800306938 /* Resources */,
			);
			buildRules = (
			);
			dependencies = (
			);
			name = "Model Practice";
			productName = "Model Practice";
			productReference = 690C032E2509E5D800306938 /* Model Practice.app */;
			productType = "com.apple.product-type.application";
		};
/* End PBXNativeTarget section */

/* Begin PBXProject section */
		690C03262509E5D800306938 /* Project object */ = {
			isa = PBXProject;
			attributes = {
				LastSwiftUpdateCheck = 1170;
				LastUpgradeCheck = 1170;
				ORGANIZATIONNAME = "Denis Bystruev";
				TargetAttributes = {
					690C032D2509E5D800306938 = {
						CreatedOnToolsVersion = 11.7;
					};
				};
			};
			buildConfigurationList = 690C03292509E5D800306938 /* Build configuration list for PBXProject "Model Practice" */;
			compatibilityVersion = "Xcode 9.3";
			developmentRegion = en;
			hasScannedForEncodings = 0;
			knownRegions = (
				en,
				Base,
			);
			mainGroup = 690C03252509E5D800306938;
			productRefGroup = 690C032F2509E5D800306938 /* Products */;
			projectDirPath = "";
			projectRoot = "";
			targets = (
				690C032D2509E5D800306938 /* Model Practice */,
			);
		};
/* End PBXProject section */

/* Begin PBXResourcesBuildPhase section */
		690C032C2509E5D800306938 /* Resources */ = {
			isa = PBXResourcesBuildPhase;
			buildActionMask = 2147483647;
			files = (
				690C03342509E5D800306938 /* art.scnassets in Resources */,
				690C033E2509E5DA00306938 /* LaunchScreen.storyboard in Resources */,
				690C033B2509E5DA00306938 /* Assets.xcassets in Resources */,
				69581F35250FC5BC004DC27E /* Screenshot01.png in Resources */,
				690C03392509E5D800306938 /* Main.storyboard in Resources */,
			);
			runOnlyForDeploymentPostprocessing = 0;
		};
/* End PBXResourcesBuildPhase section */

/* Begin PBXSourcesBuildPhase section */
		690C032A2509E5D800306938 /* Sources */ = {
			isa = PBXSourcesBuildPhase;
			buildActionMask = 2147483647;
			files = (
				690C03362509E5D800306938 /* GameViewController.swift in Sources */,
				690C03322509E5D800306938 /* AppDelegate.swift in Sources */,
			);
			runOnlyForDeploymentPostprocessing = 0;
		};
/* End PBXSourcesBuildPhase section */

/* Begin PBXVariantGroup section */
		690C03372509E5D800306938 /* Main.storyboard */ = {
			isa = PBXVariantGroup;
			children = (
				690C03382509E5D800306938 /* Base */,
			);
			name = Main.storyboard;
			sourceTree = "<group>";
		};
		690C033C2509E5DA00306938 /* LaunchScreen.storyboard */ = {
			isa = PBXVariantGroup;
			children = (
				690C033D2509E5DA00306938 /* Base */,
			);
			name = LaunchScreen.storyboard;
			sourceTree = "<group>";
		};
/* End PBXVariantGroup section */

/* Begin XCBuildConfiguration section */
		690C03402509E5DA00306938 /* Debug */ = {
			isa = XCBuildConfiguration;
			buildSettings = {
				ALWAYS_SEARCH_USER_PATHS = NO;
				CLANG_ANALYZER_NONNULL = YES;
				CLANG_ANALYZER_NUMBER_OBJECT_CONVERSION = YES_AGGRESSIVE;
				CLANG_CXX_LANGUAGE_STANDARD = "gnu++14";
				CLANG_CXX_LIBRARY = "libc++";
				CLANG_ENABLE_MODULES = YES;
				CLANG_ENABLE_OBJC_ARC = YES;
				CLANG_ENABLE_OBJC_WEAK = YES;
				CLANG_WARN_BLOCK_CAPTURE_AUTORELEASING = YES;
				CLANG_WARN_BOOL_CONVERSION = YES;
				CLANG_WARN_COMMA = YES;
				CLANG_WARN_CONSTANT_CONVERSION = YES;
				CLANG_WARN_DEPRECATED_OBJC_IMPLEMENTATIONS = YES;
				CLANG_WARN_DIRECT_OBJC_ISA_USAGE = YES_ERROR;
				CLANG_WARN_DOCUMENTATION_COMMENTS = YES;
				CLANG_WARN_EMPTY_BODY = YES;
				CLANG_WARN_ENUM_CONVERSION = YES;
				CLANG_WARN_INFINITE_RECURSION = YES;
				CLANG_WARN_INT_CONVERSION = YES;
				CLANG_WARN_NON_LITERAL_NULL_CONVERSION = YES;
				CLANG_WARN_OBJC_IMPLICIT_RETAIN_SELF = YES;
				CLANG_WARN_OBJC_LITERAL_CONVERSION = YES;
				CLANG_WARN_OBJC_ROOT_CLASS = YES_ERROR;
				CLANG_WARN_RANGE_LOOP_ANALYSIS = YES;
				CLANG_WARN_STRICT_PROTOTYPES = YES;
				CLANG_WARN_SUSPICIOUS_MOVE = YES;
				CLANG_WARN_UNGUARDED_AVAILABILITY = YES_AGGRESSIVE;
				CLANG_WARN_UNREACHABLE_CODE = YES;
				CLANG_WARN__DUPLICATE_METHOD_MATCH = YES;
				COPY_PHASE_STRIP = NO;
				DEBUG_INFORMATION_FORMAT = dwarf;
				ENABLE_STRICT_OBJC_MSGSEND = YES;
				ENABLE_TESTABILITY = YES;
				GCC_C_LANGUAGE_STANDARD = gnu11;
				GCC_DYNAMIC_NO_PIC = NO;
				GCC_NO_COMMON_BLOCKS = YES;
				GCC_OPTIMIZATION_LEVEL = 0;
				GCC_PREPROCESSOR_DEFINITIONS = (
					"DEBUG=1",
					"$(inherited)",
				);
				GCC_WARN_64_TO_32_BIT_CONVERSION = YES;
				GCC_WARN_ABOUT_RETURN_TYPE = YES_ERROR;
				GCC_WARN_UNDECLARED_SELECTOR = YES;
				GCC_WARN_UNINITIALIZED_AUTOS = YES_AGGRESSIVE;
				GCC_WARN_UNUSED_FUNCTION = YES;
				GCC_WARN_UNUSED_VARIABLE = YES;
				IPHONEOS_DEPLOYMENT_TARGET = 13.7;
				MTL_ENABLE_DEBUG_INFO = INCLUDE_SOURCE;
				MTL_FAST_MATH = YES;
				ONLY_ACTIVE_ARCH = YES;
				SDKROOT = iphoneos;
				SWIFT_ACTIVE_COMPILATION_CONDITIONS = DEBUG;
				SWIFT_OPTIMIZATION_LEVEL = "-Onone";
			};
			name = Debug;
		};
		690C03412509E5DA00306938 /* Release */ = {
			isa = XCBuildConfiguration;
			buildSettings = {
				ALWAYS_SEARCH_USER_PATHS = NO;
				CLANG_ANALYZER_NONNULL = YES;
				CLANG_ANALYZER_NUMBER_OBJECT_CONVERSION = YES_AGGRESSIVE;
				CLANG_CXX_LANGUAGE_STANDARD = "gnu++14";
				CLANG_CXX_LIBRARY = "libc++";
				CLANG_ENABLE_MODULES = YES;
				CLANG_ENABLE_OBJC_ARC = YES;
				CLANG_ENABLE_OBJC_WEAK = YES;
				CLANG_WARN_BLOCK_CAPTURE_AUTORELEASING = YES;
				CLANG_WARN_BOOL_CONVERSION = YES;
				CLANG_WARN_COMMA = YES;
				CLANG_WARN_CONSTANT_CONVERSION = YES;
				CLANG_WARN_DEPRECATED_OBJC_IMPLEMENTATIONS = YES;
				CLANG_WARN_DIRECT_OBJC_ISA_USAGE = YES_ERROR;
				CLANG_WARN_DOCUMENTATION_COMMENTS = YES;
				CLANG_WARN_EMPTY_BODY = YES;
				CLANG_WARN_ENUM_CONVERSION = YES;
				CLANG_WARN_INFINITE_RECURSION = YES;
				CLANG_WARN_INT_CONVERSION = YES;
				CLANG_WARN_NON_LITERAL_NULL_CONVERSION = YES;
				CLANG_WARN_OBJC_IMPLICIT_RETAIN_SELF = YES;
				CLANG_WARN_OBJC_LITERAL_CONVERSION = YES;
				CLANG_WARN_OBJC_ROOT_CLASS = YES_ERROR;
				CLANG_WARN_RANGE_LOOP_ANALYSIS = YES;
				CLANG_WARN_STRICT_PROTOTYPES = YES;
				CLANG_WARN_SUSPICIOUS_MOVE = YES;
				CLANG_WARN_UNGUARDED_AVAILABILITY = YES_AGGRESSIVE;
				CLANG_WARN_UNREACHABLE_CODE = YES;
				CLANG_WARN__DUPLICATE_METHOD_MATCH = YES;
				COPY_PHASE_STRIP = NO;
				DEBUG_INFORMATION_FORMAT = "dwarf-with-dsym";
				ENABLE_NS_ASSERTIONS = NO;
				ENABLE_STRICT_OBJC_MSGSEND = YES;
				GCC_C_LANGUAGE_STANDARD = gnu11;
				GCC_NO_COMMON_BLOCKS = YES;
				GCC_WARN_64_TO_32_BIT_CONVERSION = YES;
				GCC_WARN_ABOUT_RETURN_TYPE = YES_ERROR;
				GCC_WARN_UNDECLARED_SELECTOR = YES;
				GCC_WARN_UNINITIALIZED_AUTOS = YES_AGGRESSIVE;
				GCC_WARN_UNUSED_FUNCTION = YES;
				GCC_WARN_UNUSED_VARIABLE = YES;
				IPHONEOS_DEPLOYMENT_TARGET = 13.7;
				MTL_ENABLE_DEBUG_INFO = NO;
				MTL_FAST_MATH = YES;
				SDKROOT = iphoneos;
				SWIFT_COMPILATION_MODE = wholemodule;
				SWIFT_OPTIMIZATION_LEVEL = "-O";
				VALIDATE_PRODUCT = YES;
			};
			name = Release;
		};
		690C03432509E5DA00306938 /* Debug */ = {
			isa = XCBuildConfiguration;
			buildSettings = {
				ASSETCATALOG_COMPILER_APPICON_NAME = AppIcon;
				CODE_SIGN_STYLE = Automatic;
				DEVELOPMENT_TEAM = 8J39KF9DMS;
				INFOPLIST_FILE = "Model Practice/Info.plist";
				LD_RUNPATH_SEARCH_PATHS = (
					"$(inherited)",
					"@executable_path/Frameworks",
				);
				PRODUCT_BUNDLE_IDENTIFIER = "ru.m-d-a.Model-Practice";
				PRODUCT_NAME = "$(TARGET_NAME)";
				SWIFT_VERSION = 5.0;
				TARGETED_DEVICE_FAMILY = "1,2";
			};
			name = Debug;
		};
		690C03442509E5DA00306938 /* Release */ = {
			isa = XCBuildConfiguration;
			buildSettings = {
				ASSETCATALOG_COMPILER_APPICON_NAME = AppIcon;
				CODE_SIGN_STYLE = Automatic;
				DEVELOPMENT_TEAM = 8J39KF9DMS;
				INFOPLIST_FILE = "Model Practice/Info.plist";
				LD_RUNPATH_SEARCH_PATHS = (
					"$(inherited)",
					"@executable_path/Frameworks",
				);
				PRODUCT_BUNDLE_IDENTIFIER = "ru.m-d-a.Model-Practice";
				PRODUCT_NAME = "$(TARGET_NAME)";
				SWIFT_VERSION = 5.0;
				TARGETED_DEVICE_FAMILY = "1,2";
			};
			name = Release;
		};
/* End XCBuildConfiguration section */

/* Begin XCConfigurationList section */
		690C03292509E5D800306938 /* Build configuration list for PBXProject "Model Practice" */ = {
			isa = XCConfigurationList;
			buildConfigurations = (
				690C03402509E5DA00306938 /* Debug */,
				690C03412509E5DA00306938 /* Release */,
			);
			defaultConfigurationIsVisible = 0;
			defaultConfigurationName = Release;
		};
		690C03422509E5DA00306938 /* Build configuration list for PBXNativeTarget "Model Practice" */ = {
			isa = XCConfigurationList;
			buildConfigurations = (
				690C03432509E5DA00306938 /* Debug */,
				690C03442509E5DA00306938 /* Release */,
			);
			defaultConfigurationIsVisible = 0;
			defaultConfigurationName = Release;
		};
/* End XCConfigurationList section */
	};
	rootObject = 690C03262509E5D800306938 /* Project object */;
}
